
Microsoft Visual Studio Solution File, Format Version 12.00
# Visual Studio Version 17
VisualStudioVersion = 17.4.33122.133
MinimumVisualStudioVersion = 10.0.40219.1
Project("{9A19103F-16F7-4668-BE54-9A1E7A4F7556}") = "Day1", "Day1\Day1.csproj", "{634555AE-AF21-42DF-B933-B6572901FE7C}"
EndProject
Project("{9A19103F-16F7-4668-BE54-9A1E7A4F7556}") = "Day2", "Day2\Day2.csproj", "{E5102B64-C519-4946-BA3E-60895A381B00}"
EndProject
Project("{9A19103F-16F7-4668-BE54-9A1E7A4F7556}") = "Day3", "Day3\Day3.csproj", "{D9F13D6D-199A-41CA-BA9D-F42B2FFCA0D5}"
EndProject
Project("{9A19103F-16F7-4668-BE54-9A1E7A4F7556}") = "Day4", "Day4\Day4.csproj", "{E62BB4BF-9D54-44C7-8315-1E1EB8D39452}"
EndProject
Project("{9A19103F-16F7-4668-BE54-9A1E7A4F7556}") = "Day5", "Day5\Day5.csproj", "{0AF85A15-7401-4749-8C30-E00DC7D93B6B}"
EndProject
Project("{FAE04EC0-301F-11D3-BF4B-00C04F79EFBC}") = "Day6", "Day6\Day6.csproj", "{B534D904-09CB-4CBF-A3B1-CD9927E8A81D}"
EndProject
Global
	GlobalSection(SolutionConfigurationPlatforms) = preSolution
		Debug|Any CPU = Debug|Any CPU
		Release|Any CPU = Release|Any CPU
	EndGlobalSection
	GlobalSection(ProjectConfigurationPlatforms) = postSolution
		{634555AE-AF21-42DF-B933-B6572901FE7C}.Debug|Any CPU.ActiveCfg = Debug|Any CPU
		{634555AE-AF21-42DF-B933-B6572901FE7C}.Debug|Any CPU.Build.0 = Debug|Any CPU
		{634555AE-AF21-42DF-B933-B6572901FE7C}.Release|Any CPU.ActiveCfg = Release|Any CPU
		{634555AE-AF21-42DF-B933-B6572901FE7C}.Release|Any CPU.Build.0 = Release|Any CPU
		{E5102B64-C519-4946-BA3E-60895A381B00}.Debug|Any CPU.ActiveCfg = Debug|Any CPU
		{E5102B64-C519-4946-BA3E-60895A381B00}.Debug|Any CPU.Build.0 = Debug|Any CPU
		{E5102B64-C519-4946-BA3E-60895A381B00}.Release|Any CPU.ActiveCfg = Release|Any CPU
		{E5102B64-C519-4946-BA3E-60895A381B00}.Release|Any CPU.Build.0 = Release|Any CPU
		{D9F13D6D-199A-41CA-BA9D-F42B2FFCA0D5}.Debug|Any CPU.ActiveCfg = Debug|Any CPU
		{D9F13D6D-199A-41CA-BA9D-F42B2FFCA0D5}.Debug|Any CPU.Build.0 = Debug|Any CPU
		{D9F13D6D-199A-41CA-BA9D-F42B2FFCA0D5}.Release|Any CPU.ActiveCfg = Release|Any CPU
		{D9F13D6D-199A-41CA-BA9D-F42B2FFCA0D5}.Release|Any CPU.Build.0 = Release|Any CPU
		{E62BB4BF-9D54-44C7-8315-1E1EB8D39452}.Debug|Any CPU.ActiveCfg = Debug|Any CPU
		{E62BB4BF-9D54-44C7-8315-1E1EB8D39452}.Debug|Any CPU.Build.0 = Debug|Any CPU
		{E62BB4BF-9D54-44C7-8315-1E1EB8D39452}.Release|Any CPU.ActiveCfg = Release|Any CPU
		{E62BB4BF-9D54-44C7-8315-1E1EB8D39452}.Release|Any CPU.Build.0 = Release|Any CPU
		{0AF85A15-7401-4749-8C30-E00DC7D93B6B}.Debug|Any CPU.ActiveCfg = Debug|Any CPU
		{0AF85A15-7401-4749-8C30-E00DC7D93B6B}.Debug|Any CPU.Build.0 = Debug|Any CPU
		{0AF85A15-7401-4749-8C30-E00DC7D93B6B}.Release|Any CPU.ActiveCfg = Release|Any CPU
		{0AF85A15-7401-4749-8C30-E00DC7D93B6B}.Release|Any CPU.Build.0 = Release|Any CPU
		{B534D904-09CB-4CBF-A3B1-CD9927E8A81D}.Debug|Any CPU.ActiveCfg = Debug|Any CPU
		{B534D904-09CB-4CBF-A3B1-CD9927E8A81D}.Debug|Any CPU.Build.0 = Debug|Any CPU
		{B534D904-09CB-4CBF-A3B1-CD9927E8A81D}.Release|Any CPU.ActiveCfg = Release|Any CPU
		{B534D904-09CB-4CBF-A3B1-CD9927E8A81D}.Release|Any CPU.Build.0 = Release|Any CPU
	EndGlobalSection
	GlobalSection(SolutionProperties) = preSolution
		HideSolutionNode = FALSE
	EndGlobalSection
	GlobalSection(ExtensibilityGlobals) = postSolution
		SolutionGuid = {62C77834-6554-4A09-8F00-ED356543BBFA}
	EndGlobalSection
EndGlobal
